
Microsoft Visual Studio Solution File, Format Version 12.00
# Visual Studio 15
Project("{FAE04EC0-301F-11D3-BF4B-00C04F79EFBC}") = "UnityEngine.UI", "UnityEngine.UI.csproj", "{08FEF50F-5690-DADE-E2A2-7470DEF2A109}"
EndProject
Project("{FAE04EC0-301F-11D3-BF4B-00C04F79EFBC}") = "UnityEngine.TestRunner", "UnityEngine.TestRunner.csproj", "{D0052C21-6B8B-C98D-34FF-7EE5C3841CF2}"
EndProject
Project("{FAE04EC0-301F-11D3-BF4B-00C04F79EFBC}") = "Unity.Mathematics", "Unity.Mathematics.csproj", "{EF1CA8A6-B696-C3FF-7F88-6C4597134C8D}"
EndProject
Project("{FAE04EC0-301F-11D3-BF4B-00C04F79EFBC}") = "Unity.VisualScripting.State", "Unity.VisualScripting.State.csproj", "{49D95553-8166-B8F4-3665-2E00A68EB853}"
EndProject
Project("{FAE04EC0-301F-11D3-BF4B-00C04F79EFBC}") = "Unity.VisualScripting.Core", "Unity.VisualScripting.Core.csproj", "{5E6DD73C-70CE-FB70-0E75-36D10AF5BBD0}"
EndProject
Project("{FAE04EC0-301F-11D3-BF4B-00C04F79EFBC}") = "Unity.VisualScripting.Flow", "Unity.VisualScripting.Flow.csproj", "{8EF2186C-C39A-FB8E-5E46-73E99B8B13CC}"
EndProject
Project("{FAE04EC0-301F-11D3-BF4B-00C04F79EFBC}") = "Unity.2D.Animation.Runtime", "Unity.2D.Animation.Runtime.csproj", "{7634828B-68EC-2EBE-5DC7-1402BD30B30A}"
EndProject
Project("{FAE04EC0-301F-11D3-BF4B-00C04F79EFBC}") = "Unity.TextMeshPro", "Unity.TextMeshPro.csproj", "{CA1AA650-8A75-4D0A-0779-54571D7F16B2}"
EndProject
Project("{FAE04EC0-301F-11D3-BF4B-00C04F79EFBC}") = "Unity.Timeline", "Unity.Timeline.csproj", "{4589A26A-30E6-97A1-E256-E73E34DD6E5B}"
EndProject
Project("{FAE04EC0-301F-11D3-BF4B-00C04F79EFBC}") = "Unity.Notifications.Android", "Unity.Notifications.Android.csproj", "{3E52B1C9-C50D-3601-9907-7A93494A9F80}"
EndProject
Project("{FAE04EC0-301F-11D3-BF4B-00C04F79EFBC}") = "Unity.2D.SpriteShape.Runtime", "Unity.2D.SpriteShape.Runtime.csproj", "{90197A21-CAB7-BB7D-F1DF-BF4DF7294030}"
EndProject
Project("{FAE04EC0-301F-11D3-BF4B-00C04F79EFBC}") = "Assembly-CSharp", "Assembly-CSharp.csproj", "{77D78833-367C-9C44-20E9-E4365C9655BB}"
EndProject
Project("{FAE04EC0-301F-11D3-BF4B-00C04F79EFBC}") = "Unity.2D.Animation.Triangle.Runtime", "Unity.2D.Animation.Triangle.Runtime.csproj", "{8FF04920-8488-B2C4-5BFF-F75F1D37781F}"
EndProject
Project("{FAE04EC0-301F-11D3-BF4B-00C04F79EFBC}") = "Unity.Notifications.iOS", "Unity.Notifications.iOS.csproj", "{29D51E3D-6E12-6C0A-297E-1374319CA15F}"
EndProject
Project("{FAE04EC0-301F-11D3-BF4B-00C04F79EFBC}") = "Unity.2D.PixelPerfect", "Unity.2D.PixelPerfect.csproj", "{6AEFF788-9BCE-A8FE-49B7-CC111E17B21C}"
EndProject
Project("{FAE04EC0-301F-11D3-BF4B-00C04F79EFBC}") = "Unity.2D.IK.Runtime", "Unity.2D.IK.Runtime.csproj", "{E6A080EC-77EB-F76D-F0D8-A77863DE831D}"
EndProject
Project("{FAE04EC0-301F-11D3-BF4B-00C04F79EFBC}") = "Unity.2D.Common.Runtime", "Unity.2D.Common.Runtime.csproj", "{6591CCA4-2D3E-2AED-9E14-8B148265F4D6}"
EndProject
Project("{FAE04EC0-301F-11D3-BF4B-00C04F79EFBC}") = "Unity.InternalAPIEngineBridge.001", "Unity.InternalAPIEngineBridge.001.csproj", "{1103745E-D7C2-D6A7-B527-99565CD01DEE}"
EndProject
Project("{FAE04EC0-301F-11D3-BF4B-00C04F79EFBC}") = "Unity.PlasticSCM.Editor", "Unity.PlasticSCM.Editor.csproj", "{75CE8B67-8423-B64A-4DEA-CE35A2017EDE}"
EndProject
Project("{FAE04EC0-301F-11D3-BF4B-00C04F79EFBC}") = "Unity.VisualScripting.Core.Editor", "Unity.VisualScripting.Core.Editor.csproj", "{3ED2DF78-027A-EB92-E134-35D18F36A691}"
EndProject
Project("{FAE04EC0-301F-11D3-BF4B-00C04F79EFBC}") = "Unity.VisualStudio.Editor", "Unity.VisualStudio.Editor.csproj", "{5F5D77A7-F5C1-6E2F-5FF3-505CC2D8ADA3}"
EndProject
Project("{FAE04EC0-301F-11D3-BF4B-00C04F79EFBC}") = "Unity.Timeline.Editor", "Unity.Timeline.Editor.csproj", "{3052DADC-0A5C-6315-534E-571A14F7A108}"
EndProject
Project("{FAE04EC0-301F-11D3-BF4B-00C04F79EFBC}") = "Unity.VisualScripting.State.Editor", "Unity.VisualScripting.State.Editor.csproj", "{6F0A322A-F196-A46A-6E4F-9F25BDB75738}"
EndProject
Project("{FAE04EC0-301F-11D3-BF4B-00C04F79EFBC}") = "Unity.TextMeshPro.Editor", "Unity.TextMeshPro.Editor.csproj", "{7F19C736-CB31-56AB-51FD-E08A218BF9EE}"
EndProject
Project("{FAE04EC0-301F-11D3-BF4B-00C04F79EFBC}") = "Unity.2D.Animation.Editor", "Unity.2D.Animation.Editor.csproj", "{BBF9F5F1-9197-A7CD-E7C7-AE33967F74F1}"
EndProject
Project("{FAE04EC0-301F-11D3-BF4B-00C04F79EFBC}") = "VSSettingsProvider", "VSSettingsProvider.csproj", "{4B4C483E-5664-5BF8-2DAB-1A16001E43C7}"
EndProject
Project("{FAE04EC0-301F-11D3-BF4B-00C04F79EFBC}") = "Unity.CollabProxy.Editor", "Unity.CollabProxy.Editor.csproj", "{710FC874-61E8-1275-D124-E24E68F822EF}"
EndProject
Project("{FAE04EC0-301F-11D3-BF4B-00C04F79EFBC}") = "UnityEditor.TestRunner", "UnityEditor.TestRunner.csproj", "{DFB45C1E-9FDD-8072-6A2E-EF1987DF51A3}"
EndProject
Project("{FAE04EC0-301F-11D3-BF4B-00C04F79EFBC}") = "Unity.VisualScripting.Flow.Editor", "Unity.VisualScripting.Flow.Editor.csproj", "{A300CBFA-B112-4E85-DB85-EDF88509403D}"
EndProject
Project("{FAE04EC0-301F-11D3-BF4B-00C04F79EFBC}") = "Unity.Mobile.AndroidLogcat.Editor", "Unity.Mobile.AndroidLogcat.Editor.csproj", "{7614A85F-5E40-AC69-7772-83D874D4AC2E}"
EndProject
Project("{FAE04EC0-301F-11D3-BF4B-00C04F79EFBC}") = "Unity.Rider.Editor", "Unity.Rider.Editor.csproj", "{13AF5FFC-6CE5-EBAF-6C5C-99CBD43DBE43}"
EndProject
Project("{FAE04EC0-301F-11D3-BF4B-00C04F79EFBC}") = "Unity.2D.Path.Editor", "Unity.2D.Path.Editor.csproj", "{23CA08FD-DD9F-4360-60FC-5CD8937C0540}"
EndProject
Project("{FAE04EC0-301F-11D3-BF4B-00C04F79EFBC}") = "PsdPlugin", "PsdPlugin.csproj", "{BB385042-86A1-7299-FF77-5C64702E5592}"
EndProject
Project("{FAE04EC0-301F-11D3-BF4B-00C04F79EFBC}") = "Unity.2D.IK.Editor", "Unity.2D.IK.Editor.csproj", "{D18BCCDB-49F4-7968-9571-9086F6540966}"
EndProject
Project("{FAE04EC0-301F-11D3-BF4B-00C04F79EFBC}") = "Unity.2D.Psdimporter.Editor", "Unity.2D.Psdimporter.Editor.csproj", "{3462B544-45E2-4D7E-0167-43AD6E6749C3}"
EndProject
Project("{FAE04EC0-301F-11D3-BF4B-00C04F79EFBC}") = "Unity.2D.SpriteShape.Editor", "Unity.2D.SpriteShape.Editor.csproj", "{A6E5AF4F-86FD-C275-6DE8-6E9A8BCD5703}"
EndProject
Project("{FAE04EC0-301F-11D3-BF4B-00C04F79EFBC}") = "Unity.2D.Tilemap.Editor", "Unity.2D.Tilemap.Editor.csproj", "{9AB6EEEF-54A0-7934-B857-6A6CEA64430B}"
EndProject
Project("{FAE04EC0-301F-11D3-BF4B-00C04F79EFBC}") = "Unity.2D.PixelPerfect.Editor", "Unity.2D.PixelPerfect.Editor.csproj", "{BB1A0341-D2B0-7329-E4DE-721D789A3BEF}"
EndProject
Project("{FAE04EC0-301F-11D3-BF4B-00C04F79EFBC}") = "Unity.VSCode.Editor", "Unity.VSCode.Editor.csproj", "{534FA8ED-4B44-7E32-5029-356162E860F8}"
EndProject
Project("{FAE04EC0-301F-11D3-BF4B-00C04F79EFBC}") = "Unity.Notifications", "Unity.Notifications.csproj", "{73B9AF83-F7DA-E2DE-A8F5-6C14397BE18B}"
EndProject
Project("{FAE04EC0-301F-11D3-BF4B-00C04F79EFBC}") = "Unity.2D.Sprite.Editor", "Unity.2D.Sprite.Editor.csproj", "{D262CB8D-C203-6315-81D0-F0CF5AABA9CF}"
EndProject
Project("{FAE04EC0-301F-11D3-BF4B-00C04F79EFBC}") = "UnityEditor.UI", "UnityEditor.UI.csproj", "{8741004A-60FD-3EEC-977C-8D4162BD7F28}"
EndProject
Project("{FAE04EC0-301F-11D3-BF4B-00C04F79EFBC}") = "Unity.Mathematics.Editor", "Unity.Mathematics.Editor.csproj", "{E873D061-32C6-CF77-5AFD-D94C6C38BA07}"
EndProject
Project("{FAE04EC0-301F-11D3-BF4B-00C04F79EFBC}") = "Unity.2D.Common.Editor", "Unity.2D.Common.Editor.csproj", "{D3AC0C4A-7492-1778-EC0D-50BA748EE155}"
EndProject
Project("{FAE04EC0-301F-11D3-BF4B-00C04F79EFBC}") = "Unity.InternalAPIEditorBridge.001", "Unity.InternalAPIEditorBridge.001.csproj", "{389E23F6-9EDB-EF0C-C645-6B696B552296}"
EndProject
Project("{FAE04EC0-301F-11D3-BF4B-00C04F79EFBC}") = "UnityEngine.UI", "UnityEngine.UI.Player.csproj", "{711E56C0-D1DF-2C06-EC58-02ED6BEC197E}"
EndProject
Project("{FAE04EC0-301F-11D3-BF4B-00C04F79EFBC}") = "UnityEngine.TestRunner", "UnityEngine.TestRunner.Player.csproj", "{8DCFA763-4647-62C7-0DA4-DDB7AD31783E}"
EndProject
Project("{FAE04EC0-301F-11D3-BF4B-00C04F79EFBC}") = "Unity.Mathematics", "Unity.Mathematics.Player.csproj", "{E61CB751-A789-0492-0D69-DB65F92395C1}"
EndProject
Project("{FAE04EC0-301F-11D3-BF4B-00C04F79EFBC}") = "Unity.VisualScripting.State", "Unity.VisualScripting.State.Player.csproj", "{4548F518-2D99-D26B-D8A6-DB06AD9E5474}"
EndProject
Project("{FAE04EC0-301F-11D3-BF4B-00C04F79EFBC}") = "Unity.VisualScripting.Core", "Unity.VisualScripting.Core.Player.csproj", "{D83FE945-DBF2-27E8-AA79-0D45655CE0CF}"
EndProject
Project("{FAE04EC0-301F-11D3-BF4B-00C04F79EFBC}") = "Unity.VisualScripting.Flow", "Unity.VisualScripting.Flow.Player.csproj", "{01EED79B-2C4D-6A53-B2A4-7A8079556290}"
EndProject
Project("{FAE04EC0-301F-11D3-BF4B-00C04F79EFBC}") = "Unity.2D.Animation.Runtime", "Unity.2D.Animation.Runtime.Player.csproj", "{77D5E5B2-6E68-B8E5-A870-D771DC4903E8}"
EndProject
Project("{FAE04EC0-301F-11D3-BF4B-00C04F79EFBC}") = "Unity.TextMeshPro", "Unity.TextMeshPro.Player.csproj", "{ED3E7800-747C-4563-B284-0FED78002078}"
EndProject
Project("{FAE04EC0-301F-11D3-BF4B-00C04F79EFBC}") = "Unity.Timeline", "Unity.Timeline.Player.csproj", "{D505C55A-AEB2-41A3-4855-21DCB14BCEC5}"
EndProject
Project("{FAE04EC0-301F-11D3-BF4B-00C04F79EFBC}") = "Unity.2D.SpriteShape.Runtime", "Unity.2D.SpriteShape.Runtime.Player.csproj", "{4B1E6291-ECF0-6903-AF13-75254C75DF92}"
EndProject
Project("{FAE04EC0-301F-11D3-BF4B-00C04F79EFBC}") = "Assembly-CSharp", "Assembly-CSharp.Player.csproj", "{2D5ECA20-C93F-B604-9BA3-C149E099FC03}"
EndProject
Project("{FAE04EC0-301F-11D3-BF4B-00C04F79EFBC}") = "Unity.2D.Animation.Triangle.Runtime", "Unity.2D.Animation.Triangle.Runtime.Player.csproj", "{E632FB16-3CBF-27AE-9B64-5B6A21FD8988}"
EndProject
Project("{FAE04EC0-301F-11D3-BF4B-00C04F79EFBC}") = "Unity.2D.PixelPerfect", "Unity.2D.PixelPerfect.Player.csproj", "{EE281E3F-3944-618A-261F-CDCAF2F343E7}"
EndProject
Project("{FAE04EC0-301F-11D3-BF4B-00C04F79EFBC}") = "Unity.2D.IK.Runtime", "Unity.2D.IK.Runtime.Player.csproj", "{1B0B353E-38CC-D077-D8F9-ABF60E678C1F}"
EndProject
Project("{FAE04EC0-301F-11D3-BF4B-00C04F79EFBC}") = "Unity.2D.Common.Runtime", "Unity.2D.Common.Runtime.Player.csproj", "{0FB0970A-652D-46E9-EB4E-A5AFE0D8392F}"
EndProject
Project("{FAE04EC0-301F-11D3-BF4B-00C04F79EFBC}") = "Unity.InternalAPIEngineBridge.001", "Unity.InternalAPIEngineBridge.001.Player.csproj", "{B2613C05-E8DE-00A3-BAAD-D6E98BA2DBE8}"
EndProject
Global
	GlobalSection(SolutionConfigurationPlatforms) = preSolution
		Debug|Any CPU = Debug|Any CPU
		Release|Any CPU = Release|Any CPU
	EndGlobalSection
	GlobalSection(ProjectConfigurationPlatforms) = postSolution
		{08FEF50F-5690-DADE-E2A2-7470DEF2A109}.Debug|Any CPU.ActiveCfg = Debug|Any CPU
		{08FEF50F-5690-DADE-E2A2-7470DEF2A109}.Debug|Any CPU.Build.0 = Debug|Any CPU
		{08FEF50F-5690-DADE-E2A2-7470DEF2A109}.Release|Any CPU.ActiveCfg = Release|Any CPU
		{08FEF50F-5690-DADE-E2A2-7470DEF2A109}.Release|Any CPU.Build.0 = Release|Any CPU
		{D0052C21-6B8B-C98D-34FF-7EE5C3841CF2}.Debug|Any CPU.ActiveCfg = Debug|Any CPU
		{D0052C21-6B8B-C98D-34FF-7EE5C3841CF2}.Debug|Any CPU.Build.0 = Debug|Any CPU
		{D0052C21-6B8B-C98D-34FF-7EE5C3841CF2}.Release|Any CPU.ActiveCfg = Release|Any CPU
		{D0052C21-6B8B-C98D-34FF-7EE5C3841CF2}.Release|Any CPU.Build.0 = Release|Any CPU
		{EF1CA8A6-B696-C3FF-7F88-6C4597134C8D}.Debug|Any CPU.ActiveCfg = Debug|Any CPU
		{EF1CA8A6-B696-C3FF-7F88-6C4597134C8D}.Debug|Any CPU.Build.0 = Debug|Any CPU
		{EF1CA8A6-B696-C3FF-7F88-6C4597134C8D}.Release|Any CPU.ActiveCfg = Release|Any CPU
		{EF1CA8A6-B696-C3FF-7F88-6C4597134C8D}.Release|Any CPU.Build.0 = Release|Any CPU
		{49D95553-8166-B8F4-3665-2E00A68EB853}.Debug|Any CPU.ActiveCfg = Debug|Any CPU
		{49D95553-8166-B8F4-3665-2E00A68EB853}.Debug|Any CPU.Build.0 = Debug|Any CPU
		{49D95553-8166-B8F4-3665-2E00A68EB853}.Release|Any CPU.ActiveCfg = Release|Any CPU
		{49D95553-8166-B8F4-3665-2E00A68EB853}.Release|Any CPU.Build.0 = Release|Any CPU
		{5E6DD73C-70CE-FB70-0E75-36D10AF5BBD0}.Debug|Any CPU.ActiveCfg = Debug|Any CPU
		{5E6DD73C-70CE-FB70-0E75-36D10AF5BBD0}.Debug|Any CPU.Build.0 = Debug|Any CPU
		{5E6DD73C-70CE-FB70-0E75-36D10AF5BBD0}.Release|Any CPU.ActiveCfg = Release|Any CPU
		{5E6DD73C-70CE-FB70-0E75-36D10AF5BBD0}.Release|Any CPU.Build.0 = Release|Any CPU
		{8EF2186C-C39A-FB8E-5E46-73E99B8B13CC}.Debug|Any CPU.ActiveCfg = Debug|Any CPU
		{8EF2186C-C39A-FB8E-5E46-73E99B8B13CC}.Debug|Any CPU.Build.0 = Debug|Any CPU
		{8EF2186C-C39A-FB8E-5E46-73E99B8B13CC}.Release|Any CPU.ActiveCfg = Release|Any CPU
		{8EF2186C-C39A-FB8E-5E46-73E99B8B13CC}.Release|Any CPU.Build.0 = Release|Any CPU
		{7634828B-68EC-2EBE-5DC7-1402BD30B30A}.Debug|Any CPU.ActiveCfg = Debug|Any CPU
		{7634828B-68EC-2EBE-5DC7-1402BD30B30A}.Debug|Any CPU.Build.0 = Debug|Any CPU
		{7634828B-68EC-2EBE-5DC7-1402BD30B30A}.Release|Any CPU.ActiveCfg = Release|Any CPU
		{7634828B-68EC-2EBE-5DC7-1402BD30B30A}.Release|Any CPU.Build.0 = Release|Any CPU
		{CA1AA650-8A75-4D0A-0779-54571D7F16B2}.Debug|Any CPU.ActiveCfg = Debug|Any CPU
		{CA1AA650-8A75-4D0A-0779-54571D7F16B2}.Debug|Any CPU.Build.0 = Debug|Any CPU
		{CA1AA650-8A75-4D0A-0779-54571D7F16B2}.Release|Any CPU.ActiveCfg = Release|Any CPU
		{CA1AA650-8A75-4D0A-0779-54571D7F16B2}.Release|Any CPU.Build.0 = Release|Any CPU
		{4589A26A-30E6-97A1-E256-E73E34DD6E5B}.Debug|Any CPU.ActiveCfg = Debug|Any CPU
		{4589A26A-30E6-97A1-E256-E73E34DD6E5B}.Debug|Any CPU.Build.0 = Debug|Any CPU
		{4589A26A-30E6-97A1-E256-E73E34DD6E5B}.Release|Any CPU.ActiveCfg = Release|Any CPU
		{4589A26A-30E6-97A1-E256-E73E34DD6E5B}.Release|Any CPU.Build.0 = Release|Any CPU
		{3E52B1C9-C50D-3601-9907-7A93494A9F80}.Debug|Any CPU.ActiveCfg = Debug|Any CPU
		{3E52B1C9-C50D-3601-9907-7A93494A9F80}.Debug|Any CPU.Build.0 = Debug|Any CPU
		{3E52B1C9-C50D-3601-9907-7A93494A9F80}.Release|Any CPU.ActiveCfg = Release|Any CPU
		{3E52B1C9-C50D-3601-9907-7A93494A9F80}.Release|Any CPU.Build.0 = Release|Any CPU
		{90197A21-CAB7-BB7D-F1DF-BF4DF7294030}.Debug|Any CPU.ActiveCfg = Debug|Any CPU
		{90197A21-CAB7-BB7D-F1DF-BF4DF7294030}.Debug|Any CPU.Build.0 = Debug|Any CPU
		{90197A21-CAB7-BB7D-F1DF-BF4DF7294030}.Release|Any CPU.ActiveCfg = Release|Any CPU
		{90197A21-CAB7-BB7D-F1DF-BF4DF7294030}.Release|Any CPU.Build.0 = Release|Any CPU
		{77D78833-367C-9C44-20E9-E4365C9655BB}.Debug|Any CPU.ActiveCfg = Debug|Any CPU
		{77D78833-367C-9C44-20E9-E4365C9655BB}.Debug|Any CPU.Build.0 = Debug|Any CPU
		{77D78833-367C-9C44-20E9-E4365C9655BB}.Release|Any CPU.ActiveCfg = Release|Any CPU
		{77D78833-367C-9C44-20E9-E4365C9655BB}.Release|Any CPU.Build.0 = Release|Any CPU
		{8FF04920-8488-B2C4-5BFF-F75F1D37781F}.Debug|Any CPU.ActiveCfg = Debug|Any CPU
		{8FF04920-8488-B2C4-5BFF-F75F1D37781F}.Debug|Any CPU.Build.0 = Debug|Any CPU
		{8FF04920-8488-B2C4-5BFF-F75F1D37781F}.Release|Any CPU.ActiveCfg = Release|Any CPU
		{8FF04920-8488-B2C4-5BFF-F75F1D37781F}.Release|Any CPU.Build.0 = Release|Any CPU
		{29D51E3D-6E12-6C0A-297E-1374319CA15F}.Debug|Any CPU.ActiveCfg = Debug|Any CPU
		{29D51E3D-6E12-6C0A-297E-1374319CA15F}.Debug|Any CPU.Build.0 = Debug|Any CPU
		{29D51E3D-6E12-6C0A-297E-1374319CA15F}.Release|Any CPU.ActiveCfg = Release|Any CPU
		{29D51E3D-6E12-6C0A-297E-1374319CA15F}.Release|Any CPU.Build.0 = Release|Any CPU
		{6AEFF788-9BCE-A8FE-49B7-CC111E17B21C}.Debug|Any CPU.ActiveCfg = Debug|Any CPU
		{6AEFF788-9BCE-A8FE-49B7-CC111E17B21C}.Debug|Any CPU.Build.0 = Debug|Any CPU
		{6AEFF788-9BCE-A8FE-49B7-CC111E17B21C}.Release|Any CPU.ActiveCfg = Release|Any CPU
		{6AEFF788-9BCE-A8FE-49B7-CC111E17B21C}.Release|Any CPU.Build.0 = Release|Any CPU
		{E6A080EC-77EB-F76D-F0D8-A77863DE831D}.Debug|Any CPU.ActiveCfg = Debug|Any CPU
		{E6A080EC-77EB-F76D-F0D8-A77863DE831D}.Debug|Any CPU.Build.0 = Debug|Any CPU
		{E6A080EC-77EB-F76D-F0D8-A77863DE831D}.Release|Any CPU.ActiveCfg = Release|Any CPU
		{E6A080EC-77EB-F76D-F0D8-A77863DE831D}.Release|Any CPU.Build.0 = Release|Any CPU
		{6591CCA4-2D3E-2AED-9E14-8B148265F4D6}.Debug|Any CPU.ActiveCfg = Debug|Any CPU
		{6591CCA4-2D3E-2AED-9E14-8B148265F4D6}.Debug|Any CPU.Build.0 = Debug|Any CPU
		{6591CCA4-2D3E-2AED-9E14-8B148265F4D6}.Release|Any CPU.ActiveCfg = Release|Any CPU
		{6591CCA4-2D3E-2AED-9E14-8B148265F4D6}.Release|Any CPU.Build.0 = Release|Any CPU
		{1103745E-D7C2-D6A7-B527-99565CD01DEE}.Debug|Any CPU.ActiveCfg = Debug|Any CPU
		{1103745E-D7C2-D6A7-B527-99565CD01DEE}.Debug|Any CPU.Build.0 = Debug|Any CPU
		{1103745E-D7C2-D6A7-B527-99565CD01DEE}.Release|Any CPU.ActiveCfg = Release|Any CPU
		{1103745E-D7C2-D6A7-B527-99565CD01DEE}.Release|Any CPU.Build.0 = Release|Any CPU
		{75CE8B67-8423-B64A-4DEA-CE35A2017EDE}.Debug|Any CPU.ActiveCfg = Debug|Any CPU
		{75CE8B67-8423-B64A-4DEA-CE35A2017EDE}.Debug|Any CPU.Build.0 = Debug|Any CPU
		{75CE8B67-8423-B64A-4DEA-CE35A2017EDE}.Release|Any CPU.ActiveCfg = Release|Any CPU
		{75CE8B67-8423-B64A-4DEA-CE35A2017EDE}.Release|Any CPU.Build.0 = Release|Any CPU
		{3ED2DF78-027A-EB92-E134-35D18F36A691}.Debug|Any CPU.ActiveCfg = Debug|Any CPU
		{3ED2DF78-027A-EB92-E134-35D18F36A691}.Debug|Any CPU.Build.0 = Debug|Any CPU
		{3ED2DF78-027A-EB92-E134-35D18F36A691}.Release|Any CPU.ActiveCfg = Release|Any CPU
		{3ED2DF78-027A-EB92-E134-35D18F36A691}.Release|Any CPU.Build.0 = Release|Any CPU
		{5F5D77A7-F5C1-6E2F-5FF3-505CC2D8ADA3}.Debug|Any CPU.ActiveCfg = Debug|Any CPU
		{5F5D77A7-F5C1-6E2F-5FF3-505CC2D8ADA3}.Debug|Any CPU.Build.0 = Debug|Any CPU
		{5F5D77A7-F5C1-6E2F-5FF3-505CC2D8ADA3}.Release|Any CPU.ActiveCfg = Release|Any CPU
		{5F5D77A7-F5C1-6E2F-5FF3-505CC2D8ADA3}.Release|Any CPU.Build.0 = Release|Any CPU
		{3052DADC-0A5C-6315-534E-571A14F7A108}.Debug|Any CPU.ActiveCfg = Debug|Any CPU
		{3052DADC-0A5C-6315-534E-571A14F7A108}.Debug|Any CPU.Build.0 = Debug|Any CPU
		{3052DADC-0A5C-6315-534E-571A14F7A108}.Release|Any CPU.ActiveCfg = Release|Any CPU
		{3052DADC-0A5C-6315-534E-571A14F7A108}.Release|Any CPU.Build.0 = Release|Any CPU
		{6F0A322A-F196-A46A-6E4F-9F25BDB75738}.Debug|Any CPU.ActiveCfg = Debug|Any CPU
		{6F0A322A-F196-A46A-6E4F-9F25BDB75738}.Debug|Any CPU.Build.0 = Debug|Any CPU
		{6F0A322A-F196-A46A-6E4F-9F25BDB75738}.Release|Any CPU.ActiveCfg = Release|Any CPU
		{6F0A322A-F196-A46A-6E4F-9F25BDB75738}.Release|Any CPU.Build.0 = Release|Any CPU
		{7F19C736-CB31-56AB-51FD-E08A218BF9EE}.Debug|Any CPU.ActiveCfg = Debug|Any CPU
		{7F19C736-CB31-56AB-51FD-E08A218BF9EE}.Debug|Any CPU.Build.0 = Debug|Any CPU
		{7F19C736-CB31-56AB-51FD-E08A218BF9EE}.Release|Any CPU.ActiveCfg = Release|Any CPU
		{7F19C736-CB31-56AB-51FD-E08A218BF9EE}.Release|Any CPU.Build.0 = Release|Any CPU
		{BBF9F5F1-9197-A7CD-E7C7-AE33967F74F1}.Debug|Any CPU.ActiveCfg = Debug|Any CPU
		{BBF9F5F1-9197-A7CD-E7C7-AE33967F74F1}.Debug|Any CPU.Build.0 = Debug|Any CPU
		{BBF9F5F1-9197-A7CD-E7C7-AE33967F74F1}.Release|Any CPU.ActiveCfg = Release|Any CPU
		{BBF9F5F1-9197-A7CD-E7C7-AE33967F74F1}.Release|Any CPU.Build.0 = Release|Any CPU
		{4B4C483E-5664-5BF8-2DAB-1A16001E43C7}.Debug|Any CPU.ActiveCfg = Debug|Any CPU
		{4B4C483E-5664-5BF8-2DAB-1A16001E43C7}.Debug|Any CPU.Build.0 = Debug|Any CPU
		{4B4C483E-5664-5BF8-2DAB-1A16001E43C7}.Release|Any CPU.ActiveCfg = Release|Any CPU
		{4B4C483E-5664-5BF8-2DAB-1A16001E43C7}.Release|Any CPU.Build.0 = Release|Any CPU
		{710FC874-61E8-1275-D124-E24E68F822EF}.Debug|Any CPU.ActiveCfg = Debug|Any CPU
		{710FC874-61E8-1275-D124-E24E68F822EF}.Debug|Any CPU.Build.0 = Debug|Any CPU
		{710FC874-61E8-1275-D124-E24E68F822EF}.Release|Any CPU.ActiveCfg = Release|Any CPU
		{710FC874-61E8-1275-D124-E24E68F822EF}.Release|Any CPU.Build.0 = Release|Any CPU
		{DFB45C1E-9FDD-8072-6A2E-EF1987DF51A3}.Debug|Any CPU.ActiveCfg = Debug|Any CPU
		{DFB45C1E-9FDD-8072-6A2E-EF1987DF51A3}.Debug|Any CPU.Build.0 = Debug|Any CPU
		{DFB45C1E-9FDD-8072-6A2E-EF1987DF51A3}.Release|Any CPU.ActiveCfg = Release|Any CPU
		{DFB45C1E-9FDD-8072-6A2E-EF1987DF51A3}.Release|Any CPU.Build.0 = Release|Any CPU
		{A300CBFA-B112-4E85-DB85-EDF88509403D}.Debug|Any CPU.ActiveCfg = Debug|Any CPU
		{A300CBFA-B112-4E85-DB85-EDF88509403D}.Debug|Any CPU.Build.0 = Debug|Any CPU
		{A300CBFA-B112-4E85-DB85-EDF88509403D}.Release|Any CPU.ActiveCfg = Release|Any CPU
		{A300CBFA-B112-4E85-DB85-EDF88509403D}.Release|Any CPU.Build.0 = Release|Any CPU
		{7614A85F-5E40-AC69-7772-83D874D4AC2E}.Debug|Any CPU.ActiveCfg = Debug|Any CPU
		{7614A85F-5E40-AC69-7772-83D874D4AC2E}.Debug|Any CPU.Build.0 = Debug|Any CPU
		{7614A85F-5E40-AC69-7772-83D874D4AC2E}.Release|Any CPU.ActiveCfg = Release|Any CPU
		{7614A85F-5E40-AC69-7772-83D874D4AC2E}.Release|Any CPU.Build.0 = Release|Any CPU
		{13AF5FFC-6CE5-EBAF-6C5C-99CBD43DBE43}.Debug|Any CPU.ActiveCfg = Debug|Any CPU
		{13AF5FFC-6CE5-EBAF-6C5C-99CBD43DBE43}.Debug|Any CPU.Build.0 = Debug|Any CPU
		{13AF5FFC-6CE5-EBAF-6C5C-99CBD43DBE43}.Release|Any CPU.ActiveCfg = Release|Any CPU
		{13AF5FFC-6CE5-EBAF-6C5C-99CBD43DBE43}.Release|Any CPU.Build.0 = Release|Any CPU
		{23CA08FD-DD9F-4360-60FC-5CD8937C0540}.Debug|Any CPU.ActiveCfg = Debug|Any CPU
		{23CA08FD-DD9F-4360-60FC-5CD8937C0540}.Debug|Any CPU.Build.0 = Debug|Any CPU
		{23CA08FD-DD9F-4360-60FC-5CD8937C0540}.Release|Any CPU.ActiveCfg = Release|Any CPU
		{23CA08FD-DD9F-4360-60FC-5CD8937C0540}.Release|Any CPU.Build.0 = Release|Any CPU
		{BB385042-86A1-7299-FF77-5C64702E5592}.Debug|Any CPU.ActiveCfg = Debug|Any CPU
		{BB385042-86A1-7299-FF77-5C64702E5592}.Debug|Any CPU.Build.0 = Debug|Any CPU
		{BB385042-86A1-7299-FF77-5C64702E5592}.Release|Any CPU.ActiveCfg = Release|Any CPU
		{BB385042-86A1-7299-FF77-5C64702E5592}.Release|Any CPU.Build.0 = Release|Any CPU
		{D18BCCDB-49F4-7968-9571-9086F6540966}.Debug|Any CPU.ActiveCfg = Debug|Any CPU
		{D18BCCDB-49F4-7968-9571-9086F6540966}.Debug|Any CPU.Build.0 = Debug|Any CPU
		{D18BCCDB-49F4-7968-9571-9086F6540966}.Release|Any CPU.ActiveCfg = Release|Any CPU
		{D18BCCDB-49F4-7968-9571-9086F6540966}.Release|Any CPU.Build.0 = Release|Any CPU
		{3462B544-45E2-4D7E-0167-43AD6E6749C3}.Debug|Any CPU.ActiveCfg = Debug|Any CPU
		{3462B544-45E2-4D7E-0167-43AD6E6749C3}.Debug|Any CPU.Build.0 = Debug|Any CPU
		{3462B544-45E2-4D7E-0167-43AD6E6749C3}.Release|Any CPU.ActiveCfg = Release|Any CPU
		{3462B544-45E2-4D7E-0167-43AD6E6749C3}.Release|Any CPU.Build.0 = Release|Any CPU
		{A6E5AF4F-86FD-C275-6DE8-6E9A8BCD5703}.Debug|Any CPU.ActiveCfg = Debug|Any CPU
		{A6E5AF4F-86FD-C275-6DE8-6E9A8BCD5703}.Debug|Any CPU.Build.0 = Debug|Any CPU
		{A6E5AF4F-86FD-C275-6DE8-6E9A8BCD5703}.Release|Any CPU.ActiveCfg = Release|Any CPU
		{A6E5AF4F-86FD-C275-6DE8-6E9A8BCD5703}.Release|Any CPU.Build.0 = Release|Any CPU
		{9AB6EEEF-54A0-7934-B857-6A6CEA64430B}.Debug|Any CPU.ActiveCfg = Debug|Any CPU
		{9AB6EEEF-54A0-7934-B857-6A6CEA64430B}.Debug|Any CPU.Build.0 = Debug|Any CPU
		{9AB6EEEF-54A0-7934-B857-6A6CEA64430B}.Release|Any CPU.ActiveCfg = Release|Any CPU
		{9AB6EEEF-54A0-7934-B857-6A6CEA64430B}.Release|Any CPU.Build.0 = Release|Any CPU
		{BB1A0341-D2B0-7329-E4DE-721D789A3BEF}.Debug|Any CPU.ActiveCfg = Debug|Any CPU
		{BB1A0341-D2B0-7329-E4DE-721D789A3BEF}.Debug|Any CPU.Build.0 = Debug|Any CPU
		{BB1A0341-D2B0-7329-E4DE-721D789A3BEF}.Release|Any CPU.ActiveCfg = Release|Any CPU
		{BB1A0341-D2B0-7329-E4DE-721D789A3BEF}.Release|Any CPU.Build.0 = Release|Any CPU
		{534FA8ED-4B44-7E32-5029-356162E860F8}.Debug|Any CPU.ActiveCfg = Debug|Any CPU
		{534FA8ED-4B44-7E32-5029-356162E860F8}.Debug|Any CPU.Build.0 = Debug|Any CPU
		{534FA8ED-4B44-7E32-5029-356162E860F8}.Release|Any CPU.ActiveCfg = Release|Any CPU
		{534FA8ED-4B44-7E32-5029-356162E860F8}.Release|Any CPU.Build.0 = Release|Any CPU
		{73B9AF83-F7DA-E2DE-A8F5-6C14397BE18B}.Debug|Any CPU.ActiveCfg = Debug|Any CPU
		{73B9AF83-F7DA-E2DE-A8F5-6C14397BE18B}.Debug|Any CPU.Build.0 = Debug|Any CPU
		{73B9AF83-F7DA-E2DE-A8F5-6C14397BE18B}.Release|Any CPU.ActiveCfg = Release|Any CPU
		{73B9AF83-F7DA-E2DE-A8F5-6C14397BE18B}.Release|Any CPU.Build.0 = Release|Any CPU
		{D262CB8D-C203-6315-81D0-F0CF5AABA9CF}.Debug|Any CPU.ActiveCfg = Debug|Any CPU
		{D262CB8D-C203-6315-81D0-F0CF5AABA9CF}.Debug|Any CPU.Build.0 = Debug|Any CPU
		{D262CB8D-C203-6315-81D0-F0CF5AABA9CF}.Release|Any CPU.ActiveCfg = Release|Any CPU
		{D262CB8D-C203-6315-81D0-F0CF5AABA9CF}.Release|Any CPU.Build.0 = Release|Any CPU
		{8741004A-60FD-3EEC-977C-8D4162BD7F28}.Debug|Any CPU.ActiveCfg = Debug|Any CPU
		{8741004A-60FD-3EEC-977C-8D4162BD7F28}.Debug|Any CPU.Build.0 = Debug|Any CPU
		{8741004A-60FD-3EEC-977C-8D4162BD7F28}.Release|Any CPU.ActiveCfg = Release|Any CPU
		{8741004A-60FD-3EEC-977C-8D4162BD7F28}.Release|Any CPU.Build.0 = Release|Any CPU
		{E873D061-32C6-CF77-5AFD-D94C6C38BA07}.Debug|Any CPU.ActiveCfg = Debug|Any CPU
		{E873D061-32C6-CF77-5AFD-D94C6C38BA07}.Debug|Any CPU.Build.0 = Debug|Any CPU
		{E873D061-32C6-CF77-5AFD-D94C6C38BA07}.Release|Any CPU.ActiveCfg = Release|Any CPU
		{E873D061-32C6-CF77-5AFD-D94C6C38BA07}.Release|Any CPU.Build.0 = Release|Any CPU
		{D3AC0C4A-7492-1778-EC0D-50BA748EE155}.Debug|Any CPU.ActiveCfg = Debug|Any CPU
		{D3AC0C4A-7492-1778-EC0D-50BA748EE155}.Debug|Any CPU.Build.0 = Debug|Any CPU
		{D3AC0C4A-7492-1778-EC0D-50BA748EE155}.Release|Any CPU.ActiveCfg = Release|Any CPU
		{D3AC0C4A-7492-1778-EC0D-50BA748EE155}.Release|Any CPU.Build.0 = Release|Any CPU
		{389E23F6-9EDB-EF0C-C645-6B696B552296}.Debug|Any CPU.ActiveCfg = Debug|Any CPU
		{389E23F6-9EDB-EF0C-C645-6B696B552296}.Debug|Any CPU.Build.0 = Debug|Any CPU
		{389E23F6-9EDB-EF0C-C645-6B696B552296}.Release|Any CPU.ActiveCfg = Release|Any CPU
		{389E23F6-9EDB-EF0C-C645-6B696B552296}.Release|Any CPU.Build.0 = Release|Any CPU
		{711E56C0-D1DF-2C06-EC58-02ED6BEC197E}.Debug|Any CPU.ActiveCfg = Debug|Any CPU
		{711E56C0-D1DF-2C06-EC58-02ED6BEC197E}.Debug|Any CPU.Build.0 = Debug|Any CPU
		{711E56C0-D1DF-2C06-EC58-02ED6BEC197E}.Release|Any CPU.ActiveCfg = Release|Any CPU
		{711E56C0-D1DF-2C06-EC58-02ED6BEC197E}.Release|Any CPU.Build.0 = Release|Any CPU
		{8DCFA763-4647-62C7-0DA4-DDB7AD31783E}.Debug|Any CPU.ActiveCfg = Debug|Any CPU
		{8DCFA763-4647-62C7-0DA4-DDB7AD31783E}.Debug|Any CPU.Build.0 = Debug|Any CPU
		{8DCFA763-4647-62C7-0DA4-DDB7AD31783E}.Release|Any CPU.ActiveCfg = Release|Any CPU
		{8DCFA763-4647-62C7-0DA4-DDB7AD31783E}.Release|Any CPU.Build.0 = Release|Any CPU
		{E61CB751-A789-0492-0D69-DB65F92395C1}.Debug|Any CPU.ActiveCfg = Debug|Any CPU
		{E61CB751-A789-0492-0D69-DB65F92395C1}.Debug|Any CPU.Build.0 = Debug|Any CPU
		{E61CB751-A789-0492-0D69-DB65F92395C1}.Release|Any CPU.ActiveCfg = Release|Any CPU
		{E61CB751-A789-0492-0D69-DB65F92395C1}.Release|Any CPU.Build.0 = Release|Any CPU
		{4548F518-2D99-D26B-D8A6-DB06AD9E5474}.Debug|Any CPU.ActiveCfg = Debug|Any CPU
		{4548F518-2D99-D26B-D8A6-DB06AD9E5474}.Debug|Any CPU.Build.0 = Debug|Any CPU
		{4548F518-2D99-D26B-D8A6-DB06AD9E5474}.Release|Any CPU.ActiveCfg = Release|Any CPU
		{4548F518-2D99-D26B-D8A6-DB06AD9E5474}.Release|Any CPU.Build.0 = Release|Any CPU
		{D83FE945-DBF2-27E8-AA79-0D45655CE0CF}.Debug|Any CPU.ActiveCfg = Debug|Any CPU
		{D83FE945-DBF2-27E8-AA79-0D45655CE0CF}.Debug|Any CPU.Build.0 = Debug|Any CPU
		{D83FE945-DBF2-27E8-AA79-0D45655CE0CF}.Release|Any CPU.ActiveCfg = Release|Any CPU
		{D83FE945-DBF2-27E8-AA79-0D45655CE0CF}.Release|Any CPU.Build.0 = Release|Any CPU
		{01EED79B-2C4D-6A53-B2A4-7A8079556290}.Debug|Any CPU.ActiveCfg = Debug|Any CPU
		{01EED79B-2C4D-6A53-B2A4-7A8079556290}.Debug|Any CPU.Build.0 = Debug|Any CPU
		{01EED79B-2C4D-6A53-B2A4-7A8079556290}.Release|Any CPU.ActiveCfg = Release|Any CPU
		{01EED79B-2C4D-6A53-B2A4-7A8079556290}.Release|Any CPU.Build.0 = Release|Any CPU
		{77D5E5B2-6E68-B8E5-A870-D771DC4903E8}.Debug|Any CPU.ActiveCfg = Debug|Any CPU
		{77D5E5B2-6E68-B8E5-A870-D771DC4903E8}.Debug|Any CPU.Build.0 = Debug|Any CPU
		{77D5E5B2-6E68-B8E5-A870-D771DC4903E8}.Release|Any CPU.ActiveCfg = Release|Any CPU
		{77D5E5B2-6E68-B8E5-A870-D771DC4903E8}.Release|Any CPU.Build.0 = Release|Any CPU
		{ED3E7800-747C-4563-B284-0FED78002078}.Debug|Any CPU.ActiveCfg = Debug|Any CPU
		{ED3E7800-747C-4563-B284-0FED78002078}.Debug|Any CPU.Build.0 = Debug|Any CPU
		{ED3E7800-747C-4563-B284-0FED78002078}.Release|Any CPU.ActiveCfg = Release|Any CPU
		{ED3E7800-747C-4563-B284-0FED78002078}.Release|Any CPU.Build.0 = Release|Any CPU
		{D505C55A-AEB2-41A3-4855-21DCB14BCEC5}.Debug|Any CPU.ActiveCfg = Debug|Any CPU
		{D505C55A-AEB2-41A3-4855-21DCB14BCEC5}.Debug|Any CPU.Build.0 = Debug|Any CPU
		{D505C55A-AEB2-41A3-4855-21DCB14BCEC5}.Release|Any CPU.ActiveCfg = Release|Any CPU
		{D505C55A-AEB2-41A3-4855-21DCB14BCEC5}.Release|Any CPU.Build.0 = Release|Any CPU
		{4B1E6291-ECF0-6903-AF13-75254C75DF92}.Debug|Any CPU.ActiveCfg = Debug|Any CPU
		{4B1E6291-ECF0-6903-AF13-75254C75DF92}.Debug|Any CPU.Build.0 = Debug|Any CPU
		{4B1E6291-ECF0-6903-AF13-75254C75DF92}.Release|Any CPU.ActiveCfg = Release|Any CPU
		{4B1E6291-ECF0-6903-AF13-75254C75DF92}.Release|Any CPU.Build.0 = Release|Any CPU
		{2D5ECA20-C93F-B604-9BA3-C149E099FC03}.Debug|Any CPU.ActiveCfg = Debug|Any CPU
		{2D5ECA20-C93F-B604-9BA3-C149E099FC03}.Debug|Any CPU.Build.0 = Debug|Any CPU
		{2D5ECA20-C93F-B604-9BA3-C149E099FC03}.Release|Any CPU.ActiveCfg = Release|Any CPU
		{2D5ECA20-C93F-B604-9BA3-C149E099FC03}.Release|Any CPU.Build.0 = Release|Any CPU
		{E632FB16-3CBF-27AE-9B64-5B6A21FD8988}.Debug|Any CPU.ActiveCfg = Debug|Any CPU
		{E632FB16-3CBF-27AE-9B64-5B6A21FD8988}.Debug|Any CPU.Build.0 = Debug|Any CPU
		{E632FB16-3CBF-27AE-9B64-5B6A21FD8988}.Release|Any CPU.ActiveCfg = Release|Any CPU
		{E632FB16-3CBF-27AE-9B64-5B6A21FD8988}.Release|Any CPU.Build.0 = Release|Any CPU
		{EE281E3F-3944-618A-261F-CDCAF2F343E7}.Debug|Any CPU.ActiveCfg = Debug|Any CPU
		{EE281E3F-3944-618A-261F-CDCAF2F343E7}.Debug|Any CPU.Build.0 = Debug|Any CPU
		{EE281E3F-3944-618A-261F-CDCAF2F343E7}.Release|Any CPU.ActiveCfg = Release|Any CPU
		{EE281E3F-3944-618A-261F-CDCAF2F343E7}.Release|Any CPU.Build.0 = Release|Any CPU
		{1B0B353E-38CC-D077-D8F9-ABF60E678C1F}.Debug|Any CPU.ActiveCfg = Debug|Any CPU
		{1B0B353E-38CC-D077-D8F9-ABF60E678C1F}.Debug|Any CPU.Build.0 = Debug|Any CPU
		{1B0B353E-38CC-D077-D8F9-ABF60E678C1F}.Release|Any CPU.ActiveCfg = Release|Any CPU
		{1B0B353E-38CC-D077-D8F9-ABF60E678C1F}.Release|Any CPU.Build.0 = Release|Any CPU
		{0FB0970A-652D-46E9-EB4E-A5AFE0D8392F}.Debug|Any CPU.ActiveCfg = Debug|Any CPU
		{0FB0970A-652D-46E9-EB4E-A5AFE0D8392F}.Debug|Any CPU.Build.0 = Debug|Any CPU
		{0FB0970A-652D-46E9-EB4E-A5AFE0D8392F}.Release|Any CPU.ActiveCfg = Release|Any CPU
		{0FB0970A-652D-46E9-EB4E-A5AFE0D8392F}.Release|Any CPU.Build.0 = Release|Any CPU
		{B2613C05-E8DE-00A3-BAAD-D6E98BA2DBE8}.Debug|Any CPU.ActiveCfg = Debug|Any CPU
		{B2613C05-E8DE-00A3-BAAD-D6E98BA2DBE8}.Debug|Any CPU.Build.0 = Debug|Any CPU
		{B2613C05-E8DE-00A3-BAAD-D6E98BA2DBE8}.Release|Any CPU.ActiveCfg = Release|Any CPU
		{B2613C05-E8DE-00A3-BAAD-D6E98BA2DBE8}.Release|Any CPU.Build.0 = Release|Any CPU
	EndGlobalSection
	GlobalSection(SolutionProperties) = preSolution
		HideSolutionNode = FALSE
	EndGlobalSection
EndGlobal
